
Microsoft Visual Studio Solution File, Format Version 12.00
# Visual Studio Version 16
VisualStudioVersion = 16.0.31729.503
MinimumVisualStudioVersion = 10.0.40219.1
Project("{9A19103F-16F7-4668-BE54-9A1E7A4F7556}") = "FundRaiser_Team1", "FundRaiser_Team1\FundRaiser_Team1.csproj", "{D6C1C254-CE70-49EE-972E-23C4CA80375A}"
EndProject
Project("{9A19103F-16F7-4668-BE54-9A1E7A4F7556}") = "FundRaiser_Team1_Mvc", "FunderRaiser_Team1_Mvc\FundRaiser_Team1_Mvc.csproj", "{CE8C44D4-686D-4A6D-93E9-8CD8C10386DB}"
EndProject
Global
	GlobalSection(SolutionConfigurationPlatforms) = preSolution
		Debug|Any CPU = Debug|Any CPU
		Release|Any CPU = Release|Any CPU
	EndGlobalSection
	GlobalSection(ProjectConfigurationPlatforms) = postSolution
		{D6C1C254-CE70-49EE-972E-23C4CA80375A}.Debug|Any CPU.ActiveCfg = Debug|Any CPU
		{D6C1C254-CE70-49EE-972E-23C4CA80375A}.Debug|Any CPU.Build.0 = Debug|Any CPU
		{D6C1C254-CE70-49EE-972E-23C4CA80375A}.Release|Any CPU.ActiveCfg = Release|Any CPU
		{D6C1C254-CE70-49EE-972E-23C4CA80375A}.Release|Any CPU.Build.0 = Release|Any CPU
		{CE8C44D4-686D-4A6D-93E9-8CD8C10386DB}.Debug|Any CPU.ActiveCfg = Debug|Any CPU
		{CE8C44D4-686D-4A6D-93E9-8CD8C10386DB}.Debug|Any CPU.Build.0 = Debug|Any CPU
		{CE8C44D4-686D-4A6D-93E9-8CD8C10386DB}.Release|Any CPU.ActiveCfg = Release|Any CPU
		{CE8C44D4-686D-4A6D-93E9-8CD8C10386DB}.Release|Any CPU.Build.0 = Release|Any CPU
	EndGlobalSection
	GlobalSection(SolutionProperties) = preSolution
		HideSolutionNode = FALSE
	EndGlobalSection
	GlobalSection(ExtensibilityGlobals) = postSolution
		SolutionGuid = {547BE5AE-C967-4D73-87FF-A46778FA57C5}
	EndGlobalSection
EndGlobal
